// !$*UTF8*$!
{
	archiveVersion = 1;
	classes = {
	};
	objectVersion = 51;
	objects = {

/* Begin PBXBuildFile section */
		23EB6EFFE0B25113CEEE12F2 /* Pods_VIPTests.framework in Frameworks */ = {isa = PBXBuildFile; fileRef = 42FF53759F1CF4006877DC6A /* Pods_VIPTests.framework */; };
		94A9EEBE24FFA25A00A16CEE /* CodableTransformer.swift in Sources */ = {isa = PBXBuildFile; fileRef = 94A9EEBD24FFA25A00A16CEE /* CodableTransformer.swift */; };
		94A9EECA24FFC6A500A16CEE /* UserTodoListPresenter.swift in Sources */ = {isa = PBXBuildFile; fileRef = 94A9EEC424FFC6A500A16CEE /* UserTodoListPresenter.swift */; };
		94A9EECB24FFC6A500A16CEE /* UserTodoListWorker.swift in Sources */ = {isa = PBXBuildFile; fileRef = 94A9EEC524FFC6A500A16CEE /* UserTodoListWorker.swift */; };
		94A9EECC24FFC6A500A16CEE /* UserTodoListRouter.swift in Sources */ = {isa = PBXBuildFile; fileRef = 94A9EEC624FFC6A500A16CEE /* UserTodoListRouter.swift */; };
		94A9EECD24FFC6A500A16CEE /* UserTodoListModels.swift in Sources */ = {isa = PBXBuildFile; fileRef = 94A9EEC724FFC6A500A16CEE /* UserTodoListModels.swift */; };
		94A9EECE24FFC6A500A16CEE /* UserTodoListViewController.swift in Sources */ = {isa = PBXBuildFile; fileRef = 94A9EEC824FFC6A500A16CEE /* UserTodoListViewController.swift */; };
		94A9EECF24FFC6A500A16CEE /* UserTodoListInteractor.swift in Sources */ = {isa = PBXBuildFile; fileRef = 94A9EEC924FFC6A500A16CEE /* UserTodoListInteractor.swift */; };
		94A9EED924FFCC0E00A16CEE /* UserTodoList.storyboard in Resources */ = {isa = PBXBuildFile; fileRef = 94A9EED824FFCC0E00A16CEE /* UserTodoList.storyboard */; };
		94A9EEDB24FFCDF900A16CEE /* UserTodoTableViewCell.swift in Sources */ = {isa = PBXBuildFile; fileRef = 94A9EEDA24FFCDF900A16CEE /* UserTodoTableViewCell.swift */; };
		94A9EEDD24FFCEFB00A16CEE /* UserTodoCellViewModel.swift in Sources */ = {isa = PBXBuildFile; fileRef = 94A9EEDC24FFCEFB00A16CEE /* UserTodoCellViewModel.swift */; };
		94ACB64124FE6D2000D842F9 /* AppDelegate.swift in Sources */ = {isa = PBXBuildFile; fileRef = 94ACB64024FE6D2000D842F9 /* AppDelegate.swift */; };
		94ACB64324FE6D2000D842F9 /* SceneDelegate.swift in Sources */ = {isa = PBXBuildFile; fileRef = 94ACB64224FE6D2000D842F9 /* SceneDelegate.swift */; };
		94ACB64524FE6D2000D842F9 /* ViewController.swift in Sources */ = {isa = PBXBuildFile; fileRef = 94ACB64424FE6D2000D842F9 /* ViewController.swift */; };
		94ACB64A24FE6D2200D842F9 /* Assets.xcassets in Resources */ = {isa = PBXBuildFile; fileRef = 94ACB64924FE6D2200D842F9 /* Assets.xcassets */; };
		94ACB64D24FE6D2200D842F9 /* LaunchScreen.storyboard in Resources */ = {isa = PBXBuildFile; fileRef = 94ACB64B24FE6D2200D842F9 /* LaunchScreen.storyboard */; };
		94ACB65824FE6D2200D842F9 /* VIPTests.swift in Sources */ = {isa = PBXBuildFile; fileRef = 94ACB65724FE6D2200D842F9 /* VIPTests.swift */; };
		94ACB68224FE76FB00D842F9 /* TodoUserListPresenter.swift in Sources */ = {isa = PBXBuildFile; fileRef = 94ACB67C24FE76FB00D842F9 /* TodoUserListPresenter.swift */; };
		94ACB68424FE76FB00D842F9 /* TodoUserListRouter.swift in Sources */ = {isa = PBXBuildFile; fileRef = 94ACB67E24FE76FB00D842F9 /* TodoUserListRouter.swift */; };
		94ACB68624FE76FB00D842F9 /* TodoUserListViewController.swift in Sources */ = {isa = PBXBuildFile; fileRef = 94ACB68024FE76FB00D842F9 /* TodoUserListViewController.swift */; };
		94ACB68724FE76FB00D842F9 /* TodoUserListInteractor.swift in Sources */ = {isa = PBXBuildFile; fileRef = 94ACB68124FE76FB00D842F9 /* TodoUserListInteractor.swift */; };
		94ACB68D24FE773300D842F9 /* TodoUserList.storyboard in Resources */ = {isa = PBXBuildFile; fileRef = 94ACB68C24FE773300D842F9 /* TodoUserList.storyboard */; };
		94ACB68F24FE775500D842F9 /* TodoUserTableViewCell.swift in Sources */ = {isa = PBXBuildFile; fileRef = 94ACB68E24FE775500D842F9 /* TodoUserTableViewCell.swift */; };
		94ACB69124FE7B2100D842F9 /* TodoUserTableCellViewModel.swift in Sources */ = {isa = PBXBuildFile; fileRef = 94ACB69024FE7B2100D842F9 /* TodoUserTableCellViewModel.swift */; };
		94ACB69524FE924A00D842F9 /* TodoUserListWorking.swift in Sources */ = {isa = PBXBuildFile; fileRef = 94ACB69424FE924A00D842F9 /* TodoUserListWorking.swift */; };
		94ACB69724FE927700D842F9 /* TodoUserListError.swift in Sources */ = {isa = PBXBuildFile; fileRef = 94ACB69624FE927700D842F9 /* TodoUserListError.swift */; };
		94ACB69924FE933200D842F9 /* TodoUserListResponse.swift in Sources */ = {isa = PBXBuildFile; fileRef = 94ACB69824FE933200D842F9 /* TodoUserListResponse.swift */; };
		94ACB69D24FE93D000D842F9 /* GetAPIUserListWorker.swift in Sources */ = {isa = PBXBuildFile; fileRef = 94ACB69C24FE93D000D842F9 /* GetAPIUserListWorker.swift */; };
		94ACB69F24FE940900D842F9 /* TodoUserListMoyaProvider.swift in Sources */ = {isa = PBXBuildFile; fileRef = 94ACB69E24FE940900D842F9 /* TodoUserListMoyaProvider.swift */; };
		94BBA1BB25010CA400BDD799 /* UserTodoListError.swift in Sources */ = {isa = PBXBuildFile; fileRef = 94BBA1BA25010CA400BDD799 /* UserTodoListError.swift */; };
		94BBA1BD25010D1D00BDD799 /* UserTodoListResponse.swift in Sources */ = {isa = PBXBuildFile; fileRef = 94BBA1BC25010D1D00BDD799 /* UserTodoListResponse.swift */; };
		94BBA1BF25010D4900BDD799 /* UserTodoListWorking.swift in Sources */ = {isa = PBXBuildFile; fileRef = 94BBA1BE25010D4900BDD799 /* UserTodoListWorking.swift */; };
		94BBA1C125010D9600BDD799 /* GetAPIUserTodoListWorker.swift in Sources */ = {isa = PBXBuildFile; fileRef = 94BBA1C025010D9600BDD799 /* GetAPIUserTodoListWorker.swift */; };
		94BBA1C325010DA600BDD799 /* UserTodoNetworkRouter.swift in Sources */ = {isa = PBXBuildFile; fileRef = 94BBA1C225010DA600BDD799 /* UserTodoNetworkRouter.swift */; };
		94BBA1C525010DE500BDD799 /* UserTodoListRequest.swift in Sources */ = {isa = PBXBuildFile; fileRef = 94BBA1C425010DE500BDD799 /* UserTodoListRequest.swift */; };
		CE162DC6F640936A733CEB5B /* Pods_VIP.framework in Frameworks */ = {isa = PBXBuildFile; fileRef = 25777C3101B6C116FBEB0475 /* Pods_VIP.framework */; };
/* End PBXBuildFile section */

/* Begin PBXContainerItemProxy section */
		94ACB65424FE6D2200D842F9 /* PBXContainerItemProxy */ = {
			isa = PBXContainerItemProxy;
			containerPortal = 94ACB63524FE6D2000D842F9 /* Project object */;
			proxyType = 1;
			remoteGlobalIDString = 94ACB63C24FE6D2000D842F9;
			remoteInfo = VIP;
		};
/* End PBXContainerItemProxy section */

/* Begin PBXFileReference section */
		1C8302DA697703F0F115450A /* Pods-VIPTests.release.xcconfig */ = {isa = PBXFileReference; includeInIndex = 1; lastKnownFileType = text.xcconfig; name = "Pods-VIPTests.release.xcconfig"; path = "Target Support Files/Pods-VIPTests/Pods-VIPTests.release.xcconfig"; sourceTree = "<group>"; };
		25777C3101B6C116FBEB0475 /* Pods_VIP.framework */ = {isa = PBXFileReference; explicitFileType = wrapper.framework; includeInIndex = 0; path = Pods_VIP.framework; sourceTree = BUILT_PRODUCTS_DIR; };
		3EF0A42DD684FA234A243E0B /* Pods-VIP.debug.xcconfig */ = {isa = PBXFileReference; includeInIndex = 1; lastKnownFileType = text.xcconfig; name = "Pods-VIP.debug.xcconfig"; path = "Target Support Files/Pods-VIP/Pods-VIP.debug.xcconfig"; sourceTree = "<group>"; };
		42FF53759F1CF4006877DC6A /* Pods_VIPTests.framework */ = {isa = PBXFileReference; explicitFileType = wrapper.framework; includeInIndex = 0; path = Pods_VIPTests.framework; sourceTree = BUILT_PRODUCTS_DIR; };
		94A9EEBD24FFA25A00A16CEE /* CodableTransformer.swift */ = {isa = PBXFileReference; fileEncoding = 4; lastKnownFileType = sourcecode.swift; path = CodableTransformer.swift; sourceTree = "<group>"; };
		94A9EEC424FFC6A500A16CEE /* UserTodoListPresenter.swift */ = {isa = PBXFileReference; lastKnownFileType = sourcecode.swift; path = UserTodoListPresenter.swift; sourceTree = "<group>"; };
		94A9EEC524FFC6A500A16CEE /* UserTodoListWorker.swift */ = {isa = PBXFileReference; lastKnownFileType = sourcecode.swift; path = UserTodoListWorker.swift; sourceTree = "<group>"; };
		94A9EEC624FFC6A500A16CEE /* UserTodoListRouter.swift */ = {isa = PBXFileReference; lastKnownFileType = sourcecode.swift; path = UserTodoListRouter.swift; sourceTree = "<group>"; };
		94A9EEC724FFC6A500A16CEE /* UserTodoListModels.swift */ = {isa = PBXFileReference; lastKnownFileType = sourcecode.swift; path = UserTodoListModels.swift; sourceTree = "<group>"; };
		94A9EEC824FFC6A500A16CEE /* UserTodoListViewController.swift */ = {isa = PBXFileReference; lastKnownFileType = sourcecode.swift; path = UserTodoListViewController.swift; sourceTree = "<group>"; };
		94A9EEC924FFC6A500A16CEE /* UserTodoListInteractor.swift */ = {isa = PBXFileReference; lastKnownFileType = sourcecode.swift; path = UserTodoListInteractor.swift; sourceTree = "<group>"; };
		94A9EED824FFCC0E00A16CEE /* UserTodoList.storyboard */ = {isa = PBXFileReference; lastKnownFileType = file.storyboard; path = UserTodoList.storyboard; sourceTree = "<group>"; };
		94A9EEDA24FFCDF900A16CEE /* UserTodoTableViewCell.swift */ = {isa = PBXFileReference; lastKnownFileType = sourcecode.swift; path = UserTodoTableViewCell.swift; sourceTree = "<group>"; };
		94A9EEDC24FFCEFB00A16CEE /* UserTodoCellViewModel.swift */ = {isa = PBXFileReference; lastKnownFileType = sourcecode.swift; path = UserTodoCellViewModel.swift; sourceTree = "<group>"; };
		94ACB63D24FE6D2000D842F9 /* VIP.app */ = {isa = PBXFileReference; explicitFileType = wrapper.application; includeInIndex = 0; path = VIP.app; sourceTree = BUILT_PRODUCTS_DIR; };
		94ACB64024FE6D2000D842F9 /* AppDelegate.swift */ = {isa = PBXFileReference; lastKnownFileType = sourcecode.swift; path = AppDelegate.swift; sourceTree = "<group>"; };
		94ACB64224FE6D2000D842F9 /* SceneDelegate.swift */ = {isa = PBXFileReference; lastKnownFileType = sourcecode.swift; path = SceneDelegate.swift; sourceTree = "<group>"; };
		94ACB64424FE6D2000D842F9 /* ViewController.swift */ = {isa = PBXFileReference; lastKnownFileType = sourcecode.swift; path = ViewController.swift; sourceTree = "<group>"; };
		94ACB64924FE6D2200D842F9 /* Assets.xcassets */ = {isa = PBXFileReference; lastKnownFileType = folder.assetcatalog; path = Assets.xcassets; sourceTree = "<group>"; };
		94ACB64C24FE6D2200D842F9 /* Base */ = {isa = PBXFileReference; lastKnownFileType = file.storyboard; name = Base; path = Base.lproj/LaunchScreen.storyboard; sourceTree = "<group>"; };
		94ACB64E24FE6D2200D842F9 /* Info.plist */ = {isa = PBXFileReference; lastKnownFileType = text.plist.xml; path = Info.plist; sourceTree = "<group>"; };
		94ACB65324FE6D2200D842F9 /* VIPTests.xctest */ = {isa = PBXFileReference; explicitFileType = wrapper.cfbundle; includeInIndex = 0; path = VIPTests.xctest; sourceTree = BUILT_PRODUCTS_DIR; };
		94ACB65724FE6D2200D842F9 /* VIPTests.swift */ = {isa = PBXFileReference; lastKnownFileType = sourcecode.swift; path = VIPTests.swift; sourceTree = "<group>"; };
		94ACB65924FE6D2300D842F9 /* Info.plist */ = {isa = PBXFileReference; lastKnownFileType = text.plist.xml; path = Info.plist; sourceTree = "<group>"; };
		94ACB67C24FE76FB00D842F9 /* TodoUserListPresenter.swift */ = {isa = PBXFileReference; lastKnownFileType = sourcecode.swift; path = TodoUserListPresenter.swift; sourceTree = "<group>"; };
		94ACB67E24FE76FB00D842F9 /* TodoUserListRouter.swift */ = {isa = PBXFileReference; lastKnownFileType = sourcecode.swift; path = TodoUserListRouter.swift; sourceTree = "<group>"; };
		94ACB68024FE76FB00D842F9 /* TodoUserListViewController.swift */ = {isa = PBXFileReference; lastKnownFileType = sourcecode.swift; path = TodoUserListViewController.swift; sourceTree = "<group>"; };
		94ACB68124FE76FB00D842F9 /* TodoUserListInteractor.swift */ = {isa = PBXFileReference; lastKnownFileType = sourcecode.swift; path = TodoUserListInteractor.swift; sourceTree = "<group>"; };
		94ACB68C24FE773300D842F9 /* TodoUserList.storyboard */ = {isa = PBXFileReference; lastKnownFileType = file.storyboard; path = TodoUserList.storyboard; sourceTree = "<group>"; };
		94ACB68E24FE775500D842F9 /* TodoUserTableViewCell.swift */ = {isa = PBXFileReference; lastKnownFileType = sourcecode.swift; path = TodoUserTableViewCell.swift; sourceTree = "<group>"; };
		94ACB69024FE7B2100D842F9 /* TodoUserTableCellViewModel.swift */ = {isa = PBXFileReference; lastKnownFileType = sourcecode.swift; path = TodoUserTableCellViewModel.swift; sourceTree = "<group>"; };
		94ACB69424FE924A00D842F9 /* TodoUserListWorking.swift */ = {isa = PBXFileReference; lastKnownFileType = sourcecode.swift; path = TodoUserListWorking.swift; sourceTree = "<group>"; };
		94ACB69624FE927700D842F9 /* TodoUserListError.swift */ = {isa = PBXFileReference; lastKnownFileType = sourcecode.swift; path = TodoUserListError.swift; sourceTree = "<group>"; };
		94ACB69824FE933200D842F9 /* TodoUserListResponse.swift */ = {isa = PBXFileReference; lastKnownFileType = sourcecode.swift; path = TodoUserListResponse.swift; sourceTree = "<group>"; };
		94ACB69C24FE93D000D842F9 /* GetAPIUserListWorker.swift */ = {isa = PBXFileReference; lastKnownFileType = sourcecode.swift; path = GetAPIUserListWorker.swift; sourceTree = "<group>"; };
		94ACB69E24FE940900D842F9 /* TodoUserListMoyaProvider.swift */ = {isa = PBXFileReference; lastKnownFileType = sourcecode.swift; path = TodoUserListMoyaProvider.swift; sourceTree = "<group>"; };
		94BBA1BA25010CA400BDD799 /* UserTodoListError.swift */ = {isa = PBXFileReference; lastKnownFileType = sourcecode.swift; path = UserTodoListError.swift; sourceTree = "<group>"; };
		94BBA1BC25010D1D00BDD799 /* UserTodoListResponse.swift */ = {isa = PBXFileReference; lastKnownFileType = sourcecode.swift; path = UserTodoListResponse.swift; sourceTree = "<group>"; };
		94BBA1BE25010D4900BDD799 /* UserTodoListWorking.swift */ = {isa = PBXFileReference; lastKnownFileType = sourcecode.swift; path = UserTodoListWorking.swift; sourceTree = "<group>"; };
		94BBA1C025010D9600BDD799 /* GetAPIUserTodoListWorker.swift */ = {isa = PBXFileReference; lastKnownFileType = sourcecode.swift; path = GetAPIUserTodoListWorker.swift; sourceTree = "<group>"; };
		94BBA1C225010DA600BDD799 /* UserTodoNetworkRouter.swift */ = {isa = PBXFileReference; lastKnownFileType = sourcecode.swift; path = UserTodoNetworkRouter.swift; sourceTree = "<group>"; };
		94BBA1C425010DE500BDD799 /* UserTodoListRequest.swift */ = {isa = PBXFileReference; lastKnownFileType = sourcecode.swift; path = UserTodoListRequest.swift; sourceTree = "<group>"; };
		C385144C3EDBF3F5CB418836 /* Pods-VIP.release.xcconfig */ = {isa = PBXFileReference; includeInIndex = 1; lastKnownFileType = text.xcconfig; name = "Pods-VIP.release.xcconfig"; path = "Target Support Files/Pods-VIP/Pods-VIP.release.xcconfig"; sourceTree = "<group>"; };
		E597B4DB52FDC9886C51858A /* Pods-VIPTests.debug.xcconfig */ = {isa = PBXFileReference; includeInIndex = 1; lastKnownFileType = text.xcconfig; name = "Pods-VIPTests.debug.xcconfig"; path = "Target Support Files/Pods-VIPTests/Pods-VIPTests.debug.xcconfig"; sourceTree = "<group>"; };
/* End PBXFileReference section */

/* Begin PBXFrameworksBuildPhase section */
		94ACB63A24FE6D2000D842F9 /* Frameworks */ = {
			isa = PBXFrameworksBuildPhase;
			buildActionMask = 2147483647;
			files = (
				CE162DC6F640936A733CEB5B /* Pods_VIP.framework in Frameworks */,
			);
			runOnlyForDeploymentPostprocessing = 0;
		};
		94ACB65024FE6D2200D842F9 /* Frameworks */ = {
			isa = PBXFrameworksBuildPhase;
			buildActionMask = 2147483647;
			files = (
				23EB6EFFE0B25113CEEE12F2 /* Pods_VIPTests.framework in Frameworks */,
			);
			runOnlyForDeploymentPostprocessing = 0;
		};
/* End PBXFrameworksBuildPhase section */

/* Begin PBXGroup section */
		8E6691B54AF220EB6690DE9B /* Frameworks */ = {
			isa = PBXGroup;
			children = (
				25777C3101B6C116FBEB0475 /* Pods_VIP.framework */,
				42FF53759F1CF4006877DC6A /* Pods_VIPTests.framework */,
			);
			name = Frameworks;
			sourceTree = "<group>";
		};
		94A9EEBC24FF9FB100A16CEE /* Helper */ = {
			isa = PBXGroup;
			children = (
				94A9EEBD24FFA25A00A16CEE /* CodableTransformer.swift */,
			);
			path = Helper;
			sourceTree = "<group>";
		};
		94A9EEC224FFA91C00A16CEE /* Entity */ = {
			isa = PBXGroup;
			children = (
				94ACB69024FE7B2100D842F9 /* TodoUserTableCellViewModel.swift */,
				94ACB69624FE927700D842F9 /* TodoUserListError.swift */,
				94ACB69824FE933200D842F9 /* TodoUserListResponse.swift */,
			);
			path = Entity;
			sourceTree = "<group>";
		};
		94A9EEC324FFC69000A16CEE /* UserTodoList */ = {
			isa = PBXGroup;
			children = (
				94A9EED724FFCBAD00A16CEE /* UI */,
				94A9EED624FFCBA700A16CEE /* Business */,
				94A9EED524FFCBA100A16CEE /* Entity */,
				94A9EED424FFCB9C00A16CEE /* Router */,
			);
			path = UserTodoList;
			sourceTree = "<group>";
		};
		94A9EED324FFCB8700A16CEE /* Router */ = {
			isa = PBXGroup;
			children = (
				94ACB67E24FE76FB00D842F9 /* TodoUserListRouter.swift */,
				94ACB69E24FE940900D842F9 /* TodoUserListMoyaProvider.swift */,
			);
			path = Router;
			sourceTree = "<group>";
		};
		94A9EED424FFCB9C00A16CEE /* Router */ = {
			isa = PBXGroup;
			children = (
				94A9EEC624FFC6A500A16CEE /* UserTodoListRouter.swift */,
				94BBA1C225010DA600BDD799 /* UserTodoNetworkRouter.swift */,
			);
			path = Router;
			sourceTree = "<group>";
		};
		94A9EED524FFCBA100A16CEE /* Entity */ = {
			isa = PBXGroup;
			children = (
				94A9EEC724FFC6A500A16CEE /* UserTodoListModels.swift */,
				94A9EEDC24FFCEFB00A16CEE /* UserTodoCellViewModel.swift */,
				94BBA1BA25010CA400BDD799 /* UserTodoListError.swift */,
				94BBA1BC25010D1D00BDD799 /* UserTodoListResponse.swift */,
				94BBA1C425010DE500BDD799 /* UserTodoListRequest.swift */,
			);
			path = Entity;
			sourceTree = "<group>";
		};
		94A9EED624FFCBA700A16CEE /* Business */ = {
			isa = PBXGroup;
			children = (
				94A9EEC924FFC6A500A16CEE /* UserTodoListInteractor.swift */,
				94A9EEC524FFC6A500A16CEE /* UserTodoListWorker.swift */,
				94BBA1BE25010D4900BDD799 /* UserTodoListWorking.swift */,
				94BBA1C025010D9600BDD799 /* GetAPIUserTodoListWorker.swift */,
			);
			path = Business;
			sourceTree = "<group>";
		};
		94A9EED724FFCBAD00A16CEE /* UI */ = {
			isa = PBXGroup;
			children = (
				94A9EED824FFCC0E00A16CEE /* UserTodoList.storyboard */,
				94A9EEC424FFC6A500A16CEE /* UserTodoListPresenter.swift */,
				94A9EEC824FFC6A500A16CEE /* UserTodoListViewController.swift */,
				94A9EEDA24FFCDF900A16CEE /* UserTodoTableViewCell.swift */,
			);
			path = UI;
			sourceTree = "<group>";
		};
		94ACB63424FE6D2000D842F9 = {
			isa = PBXGroup;
			children = (
				94ACB63F24FE6D2000D842F9 /* VIP */,
				94ACB65624FE6D2200D842F9 /* VIPTests */,
				94ACB63E24FE6D2000D842F9 /* Products */,
				FDCD2E0FE96874FA21777D42 /* Pods */,
				8E6691B54AF220EB6690DE9B /* Frameworks */,
			);
			sourceTree = "<group>";
		};
		94ACB63E24FE6D2000D842F9 /* Products */ = {
			isa = PBXGroup;
			children = (
				94ACB63D24FE6D2000D842F9 /* VIP.app */,
				94ACB65324FE6D2200D842F9 /* VIPTests.xctest */,
			);
			name = Products;
			sourceTree = "<group>";
		};
		94ACB63F24FE6D2000D842F9 /* VIP */ = {
			isa = PBXGroup;
			children = (
				94ACB6A224FE97EA00D842F9 /* Common */,
				94A9EEC324FFC69000A16CEE /* UserTodoList */,
				94ACB68824FE770100D842F9 /* TodoUserList */,
				94ACB64024FE6D2000D842F9 /* AppDelegate.swift */,
				94ACB64224FE6D2000D842F9 /* SceneDelegate.swift */,
				94ACB64424FE6D2000D842F9 /* ViewController.swift */,
				94ACB64924FE6D2200D842F9 /* Assets.xcassets */,
				94ACB64B24FE6D2200D842F9 /* LaunchScreen.storyboard */,
				94ACB64E24FE6D2200D842F9 /* Info.plist */,
			);
			path = VIP;
			sourceTree = "<group>";
		};
		94ACB65624FE6D2200D842F9 /* VIPTests */ = {
			isa = PBXGroup;
			children = (
				94ACB65724FE6D2200D842F9 /* VIPTests.swift */,
				94ACB65924FE6D2300D842F9 /* Info.plist */,
			);
			path = VIPTests;
			sourceTree = "<group>";
		};
		94ACB68824FE770100D842F9 /* TodoUserList */ = {
			isa = PBXGroup;
			children = (
				94A9EED324FFCB8700A16CEE /* Router */,
				94A9EEC224FFA91C00A16CEE /* Entity */,
				94ACB68A24FE771100D842F9 /* Bussiness */,
				94ACB68924FE770E00D842F9 /* UI */,
			);
			path = TodoUserList;
			sourceTree = "<group>";
		};
		94ACB68924FE770E00D842F9 /* UI */ = {
			isa = PBXGroup;
			children = (
				94ACB68C24FE773300D842F9 /* TodoUserList.storyboard */,
				94ACB67C24FE76FB00D842F9 /* TodoUserListPresenter.swift */,
				94ACB68024FE76FB00D842F9 /* TodoUserListViewController.swift */,
				94ACB68E24FE775500D842F9 /* TodoUserTableViewCell.swift */,
			);
			path = UI;
			sourceTree = "<group>";
		};
		94ACB68A24FE771100D842F9 /* Bussiness */ = {
			isa = PBXGroup;
			children = (
				94ACB68124FE76FB00D842F9 /* TodoUserListInteractor.swift */,
				94ACB69424FE924A00D842F9 /* TodoUserListWorking.swift */,
				94ACB69C24FE93D000D842F9 /* GetAPIUserListWorker.swift */,
			);
			path = Bussiness;
			sourceTree = "<group>";
		};
		94ACB6A224FE97EA00D842F9 /* Common */ = {
			isa = PBXGroup;
			children = (
				94A9EEBC24FF9FB100A16CEE /* Helper */,
			);
			path = Common;
			sourceTree = "<group>";
		};
		FDCD2E0FE96874FA21777D42 /* Pods */ = {
			isa = PBXGroup;
			children = (
				3EF0A42DD684FA234A243E0B /* Pods-VIP.debug.xcconfig */,
				C385144C3EDBF3F5CB418836 /* Pods-VIP.release.xcconfig */,
				E597B4DB52FDC9886C51858A /* Pods-VIPTests.debug.xcconfig */,
				1C8302DA697703F0F115450A /* Pods-VIPTests.release.xcconfig */,
			);
			path = Pods;
			sourceTree = "<group>";
		};
/* End PBXGroup section */

/* Begin PBXNativeTarget section */
		94ACB63C24FE6D2000D842F9 /* VIP */ = {
			isa = PBXNativeTarget;
			buildConfigurationList = 94ACB65C24FE6D2300D842F9 /* Build configuration list for PBXNativeTarget "VIP" */;
			buildPhases = (
				5A97882F93BFA7232DDB8D95 /* [CP] Check Pods Manifest.lock */,
				94ACB63924FE6D2000D842F9 /* Sources */,
				94ACB63A24FE6D2000D842F9 /* Frameworks */,
				94ACB63B24FE6D2000D842F9 /* Resources */,
				0883C3311C1AA9A2F72CFE4A /* [CP] Embed Pods Frameworks */,
			);
			buildRules = (
			);
			dependencies = (
			);
			name = VIP;
			productName = VIP;
			productReference = 94ACB63D24FE6D2000D842F9 /* VIP.app */;
			productType = "com.apple.product-type.application";
		};
		94ACB65224FE6D2200D842F9 /* VIPTests */ = {
			isa = PBXNativeTarget;
			buildConfigurationList = 94ACB65F24FE6D2300D842F9 /* Build configuration list for PBXNativeTarget "VIPTests" */;
			buildPhases = (
				B897B5912B1AE5DFD3DA627F /* [CP] Check Pods Manifest.lock */,
				94ACB64F24FE6D2200D842F9 /* Sources */,
				94ACB65024FE6D2200D842F9 /* Frameworks */,
				94ACB65124FE6D2200D842F9 /* Resources */,
			);
			buildRules = (
			);
			dependencies = (
				94ACB65524FE6D2200D842F9 /* PBXTargetDependency */,
			);
			name = VIPTests;
			productName = VIPTests;
			productReference = 94ACB65324FE6D2200D842F9 /* VIPTests.xctest */;
			productType = "com.apple.product-type.bundle.unit-test";
		};
/* End PBXNativeTarget section */

/* Begin PBXProject section */
		94ACB63524FE6D2000D842F9 /* Project object */ = {
			isa = PBXProject;
			attributes = {
				LastSwiftUpdateCheck = 1130;
				LastUpgradeCheck = 1130;
				ORGANIZATIONNAME = Learning;
				TargetAttributes = {
					94ACB63C24FE6D2000D842F9 = {
						CreatedOnToolsVersion = 11.3.1;
					};
					94ACB65224FE6D2200D842F9 = {
						CreatedOnToolsVersion = 11.3.1;
						TestTargetID = 94ACB63C24FE6D2000D842F9;
					};
				};
			};
			buildConfigurationList = 94ACB63824FE6D2000D842F9 /* Build configuration list for PBXProject "VIP" */;
			compatibilityVersion = "Xcode 9.3";
			developmentRegion = en;
			hasScannedForEncodings = 0;
			knownRegions = (
				en,
				Base,
			);
			mainGroup = 94ACB63424FE6D2000D842F9;
			productRefGroup = 94ACB63E24FE6D2000D842F9 /* Products */;
			projectDirPath = "";
			projectRoot = "";
			targets = (
				94ACB63C24FE6D2000D842F9 /* VIP */,
				94ACB65224FE6D2200D842F9 /* VIPTests */,
			);
		};
/* End PBXProject section */

/* Begin PBXResourcesBuildPhase section */
		94ACB63B24FE6D2000D842F9 /* Resources */ = {
			isa = PBXResourcesBuildPhase;
			buildActionMask = 2147483647;
			files = (
				94ACB64D24FE6D2200D842F9 /* LaunchScreen.storyboard in Resources */,
				94ACB64A24FE6D2200D842F9 /* Assets.xcassets in Resources */,
				94ACB68D24FE773300D842F9 /* TodoUserList.storyboard in Resources */,
				94A9EED924FFCC0E00A16CEE /* UserTodoList.storyboard in Resources */,
			);
			runOnlyForDeploymentPostprocessing = 0;
		};
		94ACB65124FE6D2200D842F9 /* Resources */ = {
			isa = PBXResourcesBuildPhase;
			buildActionMask = 2147483647;
			files = (
			);
			runOnlyForDeploymentPostprocessing = 0;
		};
/* End PBXResourcesBuildPhase section */

/* Begin PBXShellScriptBuildPhase section */
		0883C3311C1AA9A2F72CFE4A /* [CP] Embed Pods Frameworks */ = {
			isa = PBXShellScriptBuildPhase;
			buildActionMask = 2147483647;
			files = (
			);
			inputFileListPaths = (
				"${PODS_ROOT}/Target Support Files/Pods-VIP/Pods-VIP-frameworks-${CONFIGURATION}-input-files.xcfilelist",
			);
			name = "[CP] Embed Pods Frameworks";
			outputFileListPaths = (
				"${PODS_ROOT}/Target Support Files/Pods-VIP/Pods-VIP-frameworks-${CONFIGURATION}-output-files.xcfilelist",
			);
			runOnlyForDeploymentPostprocessing = 0;
			shellPath = /bin/sh;
			shellScript = "\"${PODS_ROOT}/Target Support Files/Pods-VIP/Pods-VIP-frameworks.sh\"\n";
			showEnvVarsInLog = 0;
		};
		5A97882F93BFA7232DDB8D95 /* [CP] Check Pods Manifest.lock */ = {
			isa = PBXShellScriptBuildPhase;
			buildActionMask = 2147483647;
			files = (
			);
			inputFileListPaths = (
			);
			inputPaths = (
				"${PODS_PODFILE_DIR_PATH}/Podfile.lock",
				"${PODS_ROOT}/Manifest.lock",
			);
			name = "[CP] Check Pods Manifest.lock";
			outputFileListPaths = (
			);
			outputPaths = (
				"$(DERIVED_FILE_DIR)/Pods-VIP-checkManifestLockResult.txt",
			);
			runOnlyForDeploymentPostprocessing = 0;
			shellPath = /bin/sh;
			shellScript = "diff \"${PODS_PODFILE_DIR_PATH}/Podfile.lock\" \"${PODS_ROOT}/Manifest.lock\" > /dev/null\nif [ $? != 0 ] ; then\n    # print error to STDERR\n    echo \"error: The sandbox is not in sync with the Podfile.lock. Run 'pod install' or update your CocoaPods installation.\" >&2\n    exit 1\nfi\n# This output is used by Xcode 'outputs' to avoid re-running this script phase.\necho \"SUCCESS\" > \"${SCRIPT_OUTPUT_FILE_0}\"\n";
			showEnvVarsInLog = 0;
		};
		B897B5912B1AE5DFD3DA627F /* [CP] Check Pods Manifest.lock */ = {
			isa = PBXShellScriptBuildPhase;
			buildActionMask = 2147483647;
			files = (
			);
			inputFileListPaths = (
			);
			inputPaths = (
				"${PODS_PODFILE_DIR_PATH}/Podfile.lock",
				"${PODS_ROOT}/Manifest.lock",
			);
			name = "[CP] Check Pods Manifest.lock";
			outputFileListPaths = (
			);
			outputPaths = (
				"$(DERIVED_FILE_DIR)/Pods-VIPTests-checkManifestLockResult.txt",
			);
			runOnlyForDeploymentPostprocessing = 0;
			shellPath = /bin/sh;
			shellScript = "diff \"${PODS_PODFILE_DIR_PATH}/Podfile.lock\" \"${PODS_ROOT}/Manifest.lock\" > /dev/null\nif [ $? != 0 ] ; then\n    # print error to STDERR\n    echo \"error: The sandbox is not in sync with the Podfile.lock. Run 'pod install' or update your CocoaPods installation.\" >&2\n    exit 1\nfi\n# This output is used by Xcode 'outputs' to avoid re-running this script phase.\necho \"SUCCESS\" > \"${SCRIPT_OUTPUT_FILE_0}\"\n";
			showEnvVarsInLog = 0;
		};
/* End PBXShellScriptBuildPhase section */

/* Begin PBXSourcesBuildPhase section */
		94ACB63924FE6D2000D842F9 /* Sources */ = {
			isa = PBXSourcesBuildPhase;
			buildActionMask = 2147483647;
			files = (
				94ACB68F24FE775500D842F9 /* TodoUserTableViewCell.swift in Sources */,
				94A9EECC24FFC6A500A16CEE /* UserTodoListRouter.swift in Sources */,
				94ACB64524FE6D2000D842F9 /* ViewController.swift in Sources */,
				94ACB69F24FE940900D842F9 /* TodoUserListMoyaProvider.swift in Sources */,
				94A9EECA24FFC6A500A16CEE /* UserTodoListPresenter.swift in Sources */,
				94BBA1BF25010D4900BDD799 /* UserTodoListWorking.swift in Sources */,
				94ACB64124FE6D2000D842F9 /* AppDelegate.swift in Sources */,
				94ACB69D24FE93D000D842F9 /* GetAPIUserListWorker.swift in Sources */,
				94ACB64324FE6D2000D842F9 /* SceneDelegate.swift in Sources */,
				94ACB69124FE7B2100D842F9 /* TodoUserTableCellViewModel.swift in Sources */,
				94BBA1C125010D9600BDD799 /* GetAPIUserTodoListWorker.swift in Sources */,
				94BBA1BD25010D1D00BDD799 /* UserTodoListResponse.swift in Sources */,
				94A9EEDB24FFCDF900A16CEE /* UserTodoTableViewCell.swift in Sources */,
				94A9EEBE24FFA25A00A16CEE /* CodableTransformer.swift in Sources */,
				94A9EECF24FFC6A500A16CEE /* UserTodoListInteractor.swift in Sources */,
				94ACB68724FE76FB00D842F9 /* TodoUserListInteractor.swift in Sources */,
				94A9EECD24FFC6A500A16CEE /* UserTodoListModels.swift in Sources */,
				94ACB69924FE933200D842F9 /* TodoUserListResponse.swift in Sources */,
				94BBA1C525010DE500BDD799 /* UserTodoListRequest.swift in Sources */,
				94ACB69724FE927700D842F9 /* TodoUserListError.swift in Sources */,
				94ACB68224FE76FB00D842F9 /* TodoUserListPresenter.swift in Sources */,
				94BBA1BB25010CA400BDD799 /* UserTodoListError.swift in Sources */,
				94A9EEDD24FFCEFB00A16CEE /* UserTodoCellViewModel.swift in Sources */,
				94A9EECE24FFC6A500A16CEE /* UserTodoListViewController.swift in Sources */,
				94ACB69524FE924A00D842F9 /* TodoUserListWorking.swift in Sources */,
				94ACB68624FE76FB00D842F9 /* TodoUserListViewController.swift in Sources */,
				94BBA1C325010DA600BDD799 /* UserTodoNetworkRouter.swift in Sources */,
				94A9EECB24FFC6A500A16CEE /* UserTodoListWorker.swift in Sources */,
				94ACB68424FE76FB00D842F9 /* TodoUserListRouter.swift in Sources */,
			);
			runOnlyForDeploymentPostprocessing = 0;
		};
		94ACB64F24FE6D2200D842F9 /* Sources */ = {
			isa = PBXSourcesBuildPhase;
			buildActionMask = 2147483647;
			files = (
				94ACB65824FE6D2200D842F9 /* VIPTests.swift in Sources */,
			);
			runOnlyForDeploymentPostprocessing = 0;
		};
/* End PBXSourcesBuildPhase section */

/* Begin PBXTargetDependency section */
		94ACB65524FE6D2200D842F9 /* PBXTargetDependency */ = {
			isa = PBXTargetDependency;
			target = 94ACB63C24FE6D2000D842F9 /* VIP */;
			targetProxy = 94ACB65424FE6D2200D842F9 /* PBXContainerItemProxy */;
		};
/* End PBXTargetDependency section */

/* Begin PBXVariantGroup section */
		94ACB64B24FE6D2200D842F9 /* LaunchScreen.storyboard */ = {
			isa = PBXVariantGroup;
			children = (
				94ACB64C24FE6D2200D842F9 /* Base */,
			);
			name = LaunchScreen.storyboard;
			sourceTree = "<group>";
		};
/* End PBXVariantGroup section */

/* Begin XCBuildConfiguration section */
		94ACB65A24FE6D2300D842F9 /* Debug */ = {
			isa = XCBuildConfiguration;
			buildSettings = {
				ALWAYS_SEARCH_USER_PATHS = NO;
				CLANG_ANALYZER_NONNULL = YES;
				CLANG_ANALYZER_NUMBER_OBJECT_CONVERSION = YES_AGGRESSIVE;
				CLANG_CXX_LANGUAGE_STANDARD = "gnu++14";
				CLANG_CXX_LIBRARY = "libc++";
				CLANG_ENABLE_MODULES = YES;
				CLANG_ENABLE_OBJC_ARC = YES;
				CLANG_ENABLE_OBJC_WEAK = YES;
				CLANG_WARN_BLOCK_CAPTURE_AUTORELEASING = YES;
				CLANG_WARN_BOOL_CONVERSION = YES;
				CLANG_WARN_COMMA = YES;
				CLANG_WARN_CONSTANT_CONVERSION = YES;
				CLANG_WARN_DEPRECATED_OBJC_IMPLEMENTATIONS = YES;
				CLANG_WARN_DIRECT_OBJC_ISA_USAGE = YES_ERROR;
				CLANG_WARN_DOCUMENTATION_COMMENTS = YES;
				CLANG_WARN_EMPTY_BODY = YES;
				CLANG_WARN_ENUM_CONVERSION = YES;
				CLANG_WARN_INFINITE_RECURSION = YES;
				CLANG_WARN_INT_CONVERSION = YES;
				CLANG_WARN_NON_LITERAL_NULL_CONVERSION = YES;
				CLANG_WARN_OBJC_IMPLICIT_RETAIN_SELF = YES;
				CLANG_WARN_OBJC_LITERAL_CONVERSION = YES;
				CLANG_WARN_OBJC_ROOT_CLASS = YES_ERROR;
				CLANG_WARN_RANGE_LOOP_ANALYSIS = YES;
				CLANG_WARN_STRICT_PROTOTYPES = YES;
				CLANG_WARN_SUSPICIOUS_MOVE = YES;
				CLANG_WARN_UNGUARDED_AVAILABILITY = YES_AGGRESSIVE;
				CLANG_WARN_UNREACHABLE_CODE = YES;
				CLANG_WARN__DUPLICATE_METHOD_MATCH = YES;
				COPY_PHASE_STRIP = NO;
				DEBUG_INFORMATION_FORMAT = dwarf;
				ENABLE_STRICT_OBJC_MSGSEND = YES;
				ENABLE_TESTABILITY = YES;
				GCC_C_LANGUAGE_STANDARD = gnu11;
				GCC_DYNAMIC_NO_PIC = NO;
				GCC_NO_COMMON_BLOCKS = YES;
				GCC_OPTIMIZATION_LEVEL = 0;
				GCC_PREPROCESSOR_DEFINITIONS = (
					"DEBUG=1",
					"$(inherited)",
				);
				GCC_WARN_64_TO_32_BIT_CONVERSION = YES;
				GCC_WARN_ABOUT_RETURN_TYPE = YES_ERROR;
				GCC_WARN_UNDECLARED_SELECTOR = YES;
				GCC_WARN_UNINITIALIZED_AUTOS = YES_AGGRESSIVE;
				GCC_WARN_UNUSED_FUNCTION = YES;
				GCC_WARN_UNUSED_VARIABLE = YES;
				IPHONEOS_DEPLOYMENT_TARGET = 13.2;
				MTL_ENABLE_DEBUG_INFO = INCLUDE_SOURCE;
				MTL_FAST_MATH = YES;
				ONLY_ACTIVE_ARCH = YES;
				SDKROOT = iphoneos;
				SWIFT_ACTIVE_COMPILATION_CONDITIONS = DEBUG;
				SWIFT_OPTIMIZATION_LEVEL = "-Onone";
			};
			name = Debug;
		};
		94ACB65B24FE6D2300D842F9 /* Release */ = {
			isa = XCBuildConfiguration;
			buildSettings = {
				ALWAYS_SEARCH_USER_PATHS = NO;
				CLANG_ANALYZER_NONNULL = YES;
				CLANG_ANALYZER_NUMBER_OBJECT_CONVERSION = YES_AGGRESSIVE;
				CLANG_CXX_LANGUAGE_STANDARD = "gnu++14";
				CLANG_CXX_LIBRARY = "libc++";
				CLANG_ENABLE_MODULES = YES;
				CLANG_ENABLE_OBJC_ARC = YES;
				CLANG_ENABLE_OBJC_WEAK = YES;
				CLANG_WARN_BLOCK_CAPTURE_AUTORELEASING = YES;
				CLANG_WARN_BOOL_CONVERSION = YES;
				CLANG_WARN_COMMA = YES;
				CLANG_WARN_CONSTANT_CONVERSION = YES;
				CLANG_WARN_DEPRECATED_OBJC_IMPLEMENTATIONS = YES;
				CLANG_WARN_DIRECT_OBJC_ISA_USAGE = YES_ERROR;
				CLANG_WARN_DOCUMENTATION_COMMENTS = YES;
				CLANG_WARN_EMPTY_BODY = YES;
				CLANG_WARN_ENUM_CONVERSION = YES;
				CLANG_WARN_INFINITE_RECURSION = YES;
				CLANG_WARN_INT_CONVERSION = YES;
				CLANG_WARN_NON_LITERAL_NULL_CONVERSION = YES;
				CLANG_WARN_OBJC_IMPLICIT_RETAIN_SELF = YES;
				CLANG_WARN_OBJC_LITERAL_CONVERSION = YES;
				CLANG_WARN_OBJC_ROOT_CLASS = YES_ERROR;
				CLANG_WARN_RANGE_LOOP_ANALYSIS = YES;
				CLANG_WARN_STRICT_PROTOTYPES = YES;
				CLANG_WARN_SUSPICIOUS_MOVE = YES;
				CLANG_WARN_UNGUARDED_AVAILABILITY = YES_AGGRESSIVE;
				CLANG_WARN_UNREACHABLE_CODE = YES;
				CLANG_WARN__DUPLICATE_METHOD_MATCH = YES;
				COPY_PHASE_STRIP = NO;
				DEBUG_INFORMATION_FORMAT = "dwarf-with-dsym";
				ENABLE_NS_ASSERTIONS = NO;
				ENABLE_STRICT_OBJC_MSGSEND = YES;
				GCC_C_LANGUAGE_STANDARD = gnu11;
				GCC_NO_COMMON_BLOCKS = YES;
				GCC_WARN_64_TO_32_BIT_CONVERSION = YES;
				GCC_WARN_ABOUT_RETURN_TYPE = YES_ERROR;
				GCC_WARN_UNDECLARED_SELECTOR = YES;
				GCC_WARN_UNINITIALIZED_AUTOS = YES_AGGRESSIVE;
				GCC_WARN_UNUSED_FUNCTION = YES;
				GCC_WARN_UNUSED_VARIABLE = YES;
				IPHONEOS_DEPLOYMENT_TARGET = 13.2;
				MTL_ENABLE_DEBUG_INFO = NO;
				MTL_FAST_MATH = YES;
				SDKROOT = iphoneos;
				SWIFT_COMPILATION_MODE = wholemodule;
				SWIFT_OPTIMIZATION_LEVEL = "-O";
				VALIDATE_PRODUCT = YES;
			};
			name = Release;
		};
		94ACB65D24FE6D2300D842F9 /* Debug */ = {
			isa = XCBuildConfiguration;
			baseConfigurationReference = 3EF0A42DD684FA234A243E0B /* Pods-VIP.debug.xcconfig */;
			buildSettings = {
				ASSETCATALOG_COMPILER_APPICON_NAME = AppIcon;
				CODE_SIGN_STYLE = Automatic;
				DEVELOPMENT_TEAM = TGMD963KYP;
				INFOPLIST_FILE = VIP/Info.plist;
				LD_RUNPATH_SEARCH_PATHS = (
					"$(inherited)",
					"@executable_path/Frameworks",
				);
				PRODUCT_BUNDLE_IDENTIFIER = Learning.VIP;
				PRODUCT_NAME = "$(TARGET_NAME)";
				SWIFT_VERSION = 5.0;
				TARGETED_DEVICE_FAMILY = "1,2";
			};
			name = Debug;
		};
		94ACB65E24FE6D2300D842F9 /* Release */ = {
			isa = XCBuildConfiguration;
			baseConfigurationReference = C385144C3EDBF3F5CB418836 /* Pods-VIP.release.xcconfig */;
			buildSettings = {
				ASSETCATALOG_COMPILER_APPICON_NAME = AppIcon;
				CODE_SIGN_STYLE = Automatic;
				DEVELOPMENT_TEAM = TGMD963KYP;
				INFOPLIST_FILE = VIP/Info.plist;
				LD_RUNPATH_SEARCH_PATHS = (
					"$(inherited)",
					"@executable_path/Frameworks",
				);
				PRODUCT_BUNDLE_IDENTIFIER = Learning.VIP;
				PRODUCT_NAME = "$(TARGET_NAME)";
				SWIFT_VERSION = 5.0;
				TARGETED_DEVICE_FAMILY = "1,2";
			};
			name = Release;
		};
		94ACB66024FE6D2300D842F9 /* Debug */ = {
			isa = XCBuildConfiguration;
			baseConfigurationReference = E597B4DB52FDC9886C51858A /* Pods-VIPTests.debug.xcconfig */;
			buildSettings = {
				ALWAYS_EMBED_SWIFT_STANDARD_LIBRARIES = YES;
				BUNDLE_LOADER = "$(TEST_HOST)";
				CODE_SIGN_STYLE = Automatic;
				DEVELOPMENT_TEAM = TGMD963KYP;
				INFOPLIST_FILE = VIPTests/Info.plist;
				IPHONEOS_DEPLOYMENT_TARGET = 13.2;
				LD_RUNPATH_SEARCH_PATHS = (
					"$(inherited)",
					"@executable_path/Frameworks",
					"@loader_path/Frameworks",
				);
				PRODUCT_BUNDLE_IDENTIFIER = Learning.VIPTests;
				PRODUCT_NAME = "$(TARGET_NAME)";
				SWIFT_VERSION = 5.0;
				TARGETED_DEVICE_FAMILY = "1,2";
				TEST_HOST = "$(BUILT_PRODUCTS_DIR)/VIP.app/VIP";
			};
			name = Debug;
		};
		94ACB66124FE6D2300D842F9 /* Release */ = {
			isa = XCBuildConfiguration;
			baseConfigurationReference = 1C8302DA697703F0F115450A /* Pods-VIPTests.release.xcconfig */;
			buildSettings = {
				ALWAYS_EMBED_SWIFT_STANDARD_LIBRARIES = YES;
				BUNDLE_LOADER = "$(TEST_HOST)";
				CODE_SIGN_STYLE = Automatic;
				DEVELOPMENT_TEAM = TGMD963KYP;
				INFOPLIST_FILE = VIPTests/Info.plist;
				IPHONEOS_DEPLOYMENT_TARGET = 13.2;
				LD_RUNPATH_SEARCH_PATHS = (
					"$(inherited)",
					"@executable_path/Frameworks",
					"@loader_path/Frameworks",
				);
				PRODUCT_BUNDLE_IDENTIFIER = Learning.VIPTests;
				PRODUCT_NAME = "$(TARGET_NAME)";
				SWIFT_VERSION = 5.0;
				TARGETED_DEVICE_FAMILY = "1,2";
				TEST_HOST = "$(BUILT_PRODUCTS_DIR)/VIP.app/VIP";
			};
			name = Release;
		};
/* End XCBuildConfiguration section */

/* Begin XCConfigurationList section */
		94ACB63824FE6D2000D842F9 /* Build configuration list for PBXProject "VIP" */ = {
			isa = XCConfigurationList;
			buildConfigurations = (
				94ACB65A24FE6D2300D842F9 /* Debug */,
				94ACB65B24FE6D2300D842F9 /* Release */,
			);
			defaultConfigurationIsVisible = 0;
			defaultConfigurationName = Release;
		};
		94ACB65C24FE6D2300D842F9 /* Build configuration list for PBXNativeTarget "VIP" */ = {
			isa = XCConfigurationList;
			buildConfigurations = (
				94ACB65D24FE6D2300D842F9 /* Debug */,
				94ACB65E24FE6D2300D842F9 /* Release */,
			);
			defaultConfigurationIsVisible = 0;
			defaultConfigurationName = Release;
		};
		94ACB65F24FE6D2300D842F9 /* Build configuration list for PBXNativeTarget "VIPTests" */ = {
			isa = XCConfigurationList;
			buildConfigurations = (
				94ACB66024FE6D2300D842F9 /* Debug */,
				94ACB66124FE6D2300D842F9 /* Release */,
			);
			defaultConfigurationIsVisible = 0;
			defaultConfigurationName = Release;
		};
/* End XCConfigurationList section */
	};
	rootObject = 94ACB63524FE6D2000D842F9 /* Project object */;
}
